// !$*UTF8*$!
{
	archiveVersion = 1;
	classes = {
	};
	objectVersion = 50;
	objects = {

/* Begin PBXBuildFile section */
		780ACDCA24D161CE001195A6 /* Exception.swift in Sources */ = {isa = PBXBuildFile; fileRef = 780ACDC924D161CE001195A6 /* Exception.swift */; };
		78AB685D24D11499008528EC /* AppDelegate.m in Sources */ = {isa = PBXBuildFile; fileRef = 78AB685C24D11499008528EC /* AppDelegate.m */; };
		78AB686024D11499008528EC /* SceneDelegate.m in Sources */ = {isa = PBXBuildFile; fileRef = 78AB685F24D11499008528EC /* SceneDelegate.m */; };
		78AB686324D11499008528EC /* ViewController.m in Sources */ = {isa = PBXBuildFile; fileRef = 78AB686224D11499008528EC /* ViewController.m */; };
		78AB686624D11499008528EC /* Main.storyboard in Resources */ = {isa = PBXBuildFile; fileRef = 78AB686424D11499008528EC /* Main.storyboard */; };
		78AB686824D1149C008528EC /* Assets.xcassets in Resources */ = {isa = PBXBuildFile; fileRef = 78AB686724D1149C008528EC /* Assets.xcassets */; };
		78AB686B24D1149C008528EC /* LaunchScreen.storyboard in Resources */ = {isa = PBXBuildFile; fileRef = 78AB686924D1149C008528EC /* LaunchScreen.storyboard */; };
		78AB686E24D1149C008528EC /* main.m in Sources */ = {isa = PBXBuildFile; fileRef = 78AB686D24D1149C008528EC /* main.m */; };
		78AB687824D1149D008528EC /* ExceptionTests.m in Sources */ = {isa = PBXBuildFile; fileRef = 78AB687724D1149D008528EC /* ExceptionTests.m */; };
		78AB688324D1149D008528EC /* ExceptionUITests.m in Sources */ = {isa = PBXBuildFile; fileRef = 78AB688224D1149D008528EC /* ExceptionUITests.m */; };
/* End PBXBuildFile section */

/* Begin PBXContainerItemProxy section */
		78AB687424D1149D008528EC /* PBXContainerItemProxy */ = {
			isa = PBXContainerItemProxy;
			containerPortal = 78AB685024D11499008528EC /* Project object */;
			proxyType = 1;
			remoteGlobalIDString = 78AB685724D11499008528EC;
			remoteInfo = Exception;
		};
		78AB687F24D1149D008528EC /* PBXContainerItemProxy */ = {
			isa = PBXContainerItemProxy;
			containerPortal = 78AB685024D11499008528EC /* Project object */;
			proxyType = 1;
			remoteGlobalIDString = 78AB685724D11499008528EC;
			remoteInfo = Exception;
		};
/* End PBXContainerItemProxy section */

/* Begin PBXFileReference section */
		780ACDC824D161CE001195A6 /* Exception-Bridging-Header.h */ = {isa = PBXFileReference; lastKnownFileType = sourcecode.c.h; path = "Exception-Bridging-Header.h"; sourceTree = "<group>"; };
		780ACDC924D161CE001195A6 /* Exception.swift */ = {isa = PBXFileReference; lastKnownFileType = sourcecode.swift; path = Exception.swift; sourceTree = "<group>"; };
		78AB685824D11499008528EC /* Exception.app */ = {isa = PBXFileReference; explicitFileType = wrapper.application; includeInIndex = 0; path = Exception.app; sourceTree = BUILT_PRODUCTS_DIR; };
		78AB685B24D11499008528EC /* AppDelegate.h */ = {isa = PBXFileReference; lastKnownFileType = sourcecode.c.h; path = AppDelegate.h; sourceTree = "<group>"; };
		78AB685C24D11499008528EC /* AppDelegate.m */ = {isa = PBXFileReference; lastKnownFileType = sourcecode.c.objc; path = AppDelegate.m; sourceTree = "<group>"; };
		78AB685E24D11499008528EC /* SceneDelegate.h */ = {isa = PBXFileReference; lastKnownFileType = sourcecode.c.h; path = SceneDelegate.h; sourceTree = "<group>"; };
		78AB685F24D11499008528EC /* SceneDelegate.m */ = {isa = PBXFileReference; lastKnownFileType = sourcecode.c.objc; path = SceneDelegate.m; sourceTree = "<group>"; };
		78AB686124D11499008528EC /* ViewController.h */ = {isa = PBXFileReference; lastKnownFileType = sourcecode.c.h; path = ViewController.h; sourceTree = "<group>"; };
		78AB686224D11499008528EC /* ViewController.m */ = {isa = PBXFileReference; lastKnownFileType = sourcecode.c.objc; path = ViewController.m; sourceTree = "<group>"; };
		78AB686524D11499008528EC /* Base */ = {isa = PBXFileReference; lastKnownFileType = file.storyboard; name = Base; path = Base.lproj/Main.storyboard; sourceTree = "<group>"; };
		78AB686724D1149C008528EC /* Assets.xcassets */ = {isa = PBXFileReference; lastKnownFileType = folder.assetcatalog; path = Assets.xcassets; sourceTree = "<group>"; };
		78AB686A24D1149C008528EC /* Base */ = {isa = PBXFileReference; lastKnownFileType = file.storyboard; name = Base; path = Base.lproj/LaunchScreen.storyboard; sourceTree = "<group>"; };
		78AB686C24D1149C008528EC /* Info.plist */ = {isa = PBXFileReference; lastKnownFileType = text.plist.xml; path = Info.plist; sourceTree = "<group>"; };
		78AB686D24D1149C008528EC /* main.m */ = {isa = PBXFileReference; lastKnownFileType = sourcecode.c.objc; path = main.m; sourceTree = "<group>"; };
		78AB687324D1149D008528EC /* ExceptionTests.xctest */ = {isa = PBXFileReference; explicitFileType = wrapper.cfbundle; includeInIndex = 0; path = ExceptionTests.xctest; sourceTree = BUILT_PRODUCTS_DIR; };
		78AB687724D1149D008528EC /* ExceptionTests.m */ = {isa = PBXFileReference; lastKnownFileType = sourcecode.c.objc; path = ExceptionTests.m; sourceTree = "<group>"; };
		78AB687924D1149D008528EC /* Info.plist */ = {isa = PBXFileReference; lastKnownFileType = text.plist.xml; path = Info.plist; sourceTree = "<group>"; };
		78AB687E24D1149D008528EC /* ExceptionUITests.xctest */ = {isa = PBXFileReference; explicitFileType = wrapper.cfbundle; includeInIndex = 0; path = ExceptionUITests.xctest; sourceTree = BUILT_PRODUCTS_DIR; };
		78AB688224D1149D008528EC /* ExceptionUITests.m */ = {isa = PBXFileReference; lastKnownFileType = sourcecode.c.objc; path = ExceptionUITests.m; sourceTree = "<group>"; };
		78AB688424D1149D008528EC /* Info.plist */ = {isa = PBXFileReference; lastKnownFileType = text.plist.xml; path = Info.plist; sourceTree = "<group>"; };
/* End PBXFileReference section */

/* Begin PBXFrameworksBuildPhase section */
		78AB685524D11499008528EC /* Frameworks */ = {
			isa = PBXFrameworksBuildPhase;
			buildActionMask = 2147483647;
			files = (
			);
			runOnlyForDeploymentPostprocessing = 0;
		};
		78AB687024D1149D008528EC /* Frameworks */ = {
			isa = PBXFrameworksBuildPhase;
			buildActionMask = 2147483647;
			files = (
			);
			runOnlyForDeploymentPostprocessing = 0;
		};
		78AB687B24D1149D008528EC /* Frameworks */ = {
			isa = PBXFrameworksBuildPhase;
			buildActionMask = 2147483647;
			files = (
			);
			runOnlyForDeploymentPostprocessing = 0;
		};
/* End PBXFrameworksBuildPhase section */

/* Begin PBXGroup section */
		78AB684F24D11499008528EC = {
			isa = PBXGroup;
			children = (
				78AB685A24D11499008528EC /* Exception */,
				78AB687624D1149D008528EC /* ExceptionTests */,
				78AB688124D1149D008528EC /* ExceptionUITests */,
				78AB685924D11499008528EC /* Products */,
			);
			sourceTree = "<group>";
		};
		78AB685924D11499008528EC /* Products */ = {
			isa = PBXGroup;
			children = (
				78AB685824D11499008528EC /* Exception.app */,
				78AB687324D1149D008528EC /* ExceptionTests.xctest */,
				78AB687E24D1149D008528EC /* ExceptionUITests.xctest */,
			);
			name = Products;
			sourceTree = "<group>";
		};
		78AB685A24D11499008528EC /* Exception */ = {
			isa = PBXGroup;
			children = (
				78AB685B24D11499008528EC /* AppDelegate.h */,
				78AB685C24D11499008528EC /* AppDelegate.m */,
				78AB685E24D11499008528EC /* SceneDelegate.h */,
				78AB685F24D11499008528EC /* SceneDelegate.m */,
				78AB686124D11499008528EC /* ViewController.h */,
				78AB686224D11499008528EC /* ViewController.m */,
				780ACDC924D161CE001195A6 /* Exception.swift */,
				78AB686424D11499008528EC /* Main.storyboard */,
				78AB686724D1149C008528EC /* Assets.xcassets */,
				78AB686924D1149C008528EC /* LaunchScreen.storyboard */,
				78AB686C24D1149C008528EC /* Info.plist */,
				78AB686D24D1149C008528EC /* main.m */,
				780ACDC824D161CE001195A6 /* Exception-Bridging-Header.h */,
			);
			path = Exception;
			sourceTree = "<group>";
		};
		78AB687624D1149D008528EC /* ExceptionTests */ = {
			isa = PBXGroup;
			children = (
				78AB687724D1149D008528EC /* ExceptionTests.m */,
				78AB687924D1149D008528EC /* Info.plist */,
			);
			path = ExceptionTests;
			sourceTree = "<group>";
		};
		78AB688124D1149D008528EC /* ExceptionUITests */ = {
			isa = PBXGroup;
			children = (
				78AB688224D1149D008528EC /* ExceptionUITests.m */,
				78AB688424D1149D008528EC /* Info.plist */,
			);
			path = ExceptionUITests;
			sourceTree = "<group>";
		};
/* End PBXGroup section */

/* Begin PBXNativeTarget section */
		78AB685724D11499008528EC /* Exception */ = {
			isa = PBXNativeTarget;
			buildConfigurationList = 78AB688724D1149D008528EC /* Build configuration list for PBXNativeTarget "Exception" */;
			buildPhases = (
				78AB685424D11499008528EC /* Sources */,
				78AB685524D11499008528EC /* Frameworks */,
				78AB685624D11499008528EC /* Resources */,
			);
			buildRules = (
			);
			dependencies = (
			);
			name = Exception;
			productName = Exception;
			productReference = 78AB685824D11499008528EC /* Exception.app */;
			productType = "com.apple.product-type.application";
		};
		78AB687224D1149D008528EC /* ExceptionTests */ = {
			isa = PBXNativeTarget;
			buildConfigurationList = 78AB688A24D1149D008528EC /* Build configuration list for PBXNativeTarget "ExceptionTests" */;
			buildPhases = (
				78AB686F24D1149D008528EC /* Sources */,
				78AB687024D1149D008528EC /* Frameworks */,
				78AB687124D1149D008528EC /* Resources */,
			);
			buildRules = (
			);
			dependencies = (
				78AB687524D1149D008528EC /* PBXTargetDependency */,
			);
			name = ExceptionTests;
			productName = ExceptionTests;
			productReference = 78AB687324D1149D008528EC /* ExceptionTests.xctest */;
			productType = "com.apple.product-type.bundle.unit-test";
		};
		78AB687D24D1149D008528EC /* ExceptionUITests */ = {
			isa = PBXNativeTarget;
			buildConfigurationList = 78AB688D24D1149D008528EC /* Build configuration list for PBXNativeTarget "ExceptionUITests" */;
			buildPhases = (
				78AB687A24D1149D008528EC /* Sources */,
				78AB687B24D1149D008528EC /* Frameworks */,
				78AB687C24D1149D008528EC /* Resources */,
			);
			buildRules = (
			);
			dependencies = (
				78AB688024D1149D008528EC /* PBXTargetDependency */,
			);
			name = ExceptionUITests;
			productName = ExceptionUITests;
			productReference = 78AB687E24D1149D008528EC /* ExceptionUITests.xctest */;
			productType = "com.apple.product-type.bundle.ui-testing";
		};
/* End PBXNativeTarget section */

/* Begin PBXProject section */
		78AB685024D11499008528EC /* Project object */ = {
			isa = PBXProject;
			attributes = {
				LastUpgradeCheck = 1150;
				ORGANIZATIONNAME = xlsn0w;
				TargetAttributes = {
					78AB685724D11499008528EC = {
						CreatedOnToolsVersion = 11.5;
						LastSwiftMigration = 1150;
					};
					78AB687224D1149D008528EC = {
						CreatedOnToolsVersion = 11.5;
						TestTargetID = 78AB685724D11499008528EC;
					};
					78AB687D24D1149D008528EC = {
						CreatedOnToolsVersion = 11.5;
						TestTargetID = 78AB685724D11499008528EC;
					};
				};
			};
			buildConfigurationList = 78AB685324D11499008528EC /* Build configuration list for PBXProject "Exception" */;
			compatibilityVersion = "Xcode 9.3";
			developmentRegion = en;
			hasScannedForEncodings = 0;
			knownRegions = (
				en,
				Base,
			);
			mainGroup = 78AB684F24D11499008528EC;
			productRefGroup = 78AB685924D11499008528EC /* Products */;
			projectDirPath = "";
			projectRoot = "";
			targets = (
				78AB685724D11499008528EC /* Exception */,
				78AB687224D1149D008528EC /* ExceptionTests */,
				78AB687D24D1149D008528EC /* ExceptionUITests */,
			);
		};
/* End PBXProject section */

/* Begin PBXResourcesBuildPhase section */
		78AB685624D11499008528EC /* Resources */ = {
			isa = PBXResourcesBuildPhase;
			buildActionMask = 2147483647;
			files = (
				78AB686B24D1149C008528EC /* LaunchScreen.storyboard in Resources */,
				78AB686824D1149C008528EC /* Assets.xcassets in Resources */,
				78AB686624D11499008528EC /* Main.storyboard in Resources */,
			);
			runOnlyForDeploymentPostprocessing = 0;
		};
		78AB687124D1149D008528EC /* Resources */ = {
			isa = PBXResourcesBuildPhase;
			buildActionMask = 2147483647;
			files = (
			);
			runOnlyForDeploymentPostprocessing = 0;
		};
		78AB687C24D1149D008528EC /* Resources */ = {
			isa = PBXResourcesBuildPhase;
			buildActionMask = 2147483647;
			files = (
			);
			runOnlyForDeploymentPostprocessing = 0;
		};
/* End PBXResourcesBuildPhase section */

/* Begin PBXSourcesBuildPhase section */
		78AB685424D11499008528EC /* Sources */ = {
			isa = PBXSourcesBuildPhase;
			buildActionMask = 2147483647;
			files = (
				78AB686324D11499008528EC /* ViewController.m in Sources */,
				78AB685D24D11499008528EC /* AppDelegate.m in Sources */,
				780ACDCA24D161CE001195A6 /* Exception.swift in Sources */,
				78AB686E24D1149C008528EC /* main.m in Sources */,
				78AB686024D11499008528EC /* SceneDelegate.m in Sources */,
			);
			runOnlyForDeploymentPostprocessing = 0;
		};
		78AB686F24D1149D008528EC /* Sources */ = {
			isa = PBXSourcesBuildPhase;
			buildActionMask = 2147483647;
			files = (
				78AB687824D1149D008528EC /* ExceptionTests.m in Sources */,
			);
			runOnlyForDeploymentPostprocessing = 0;
		};
		78AB687A24D1149D008528EC /* Sources */ = {
			isa = PBXSourcesBuildPhase;
			buildActionMask = 2147483647;
			files = (
				78AB688324D1149D008528EC /* ExceptionUITests.m in Sources */,
			);
			runOnlyForDeploymentPostprocessing = 0;
		};
/* End PBXSourcesBuildPhase section */

/* Begin PBXTargetDependency section */
		78AB687524D1149D008528EC /* PBXTargetDependency */ = {
			isa = PBXTargetDependency;
			target = 78AB685724D11499008528EC /* Exception */;
			targetProxy = 78AB687424D1149D008528EC /* PBXContainerItemProxy */;
		};
		78AB688024D1149D008528EC /* PBXTargetDependency */ = {
			isa = PBXTargetDependency;
			target = 78AB685724D11499008528EC /* Exception */;
			targetProxy = 78AB687F24D1149D008528EC /* PBXContainerItemProxy */;
		};
/* End PBXTargetDependency section */

/* Begin PBXVariantGroup section */
		78AB686424D11499008528EC /* Main.storyboard */ = {
			isa = PBXVariantGroup;
			children = (
				78AB686524D11499008528EC /* Base */,
			);
			name = Main.storyboard;
			sourceTree = "<group>";
		};
		78AB686924D1149C008528EC /* LaunchScreen.storyboard */ = {
			isa = PBXVariantGroup;
			children = (
				78AB686A24D1149C008528EC /* Base */,
			);
			name = LaunchScreen.storyboard;
			sourceTree = "<group>";
		};
/* End PBXVariantGroup section */

/* Begin XCBuildConfiguration section */
		78AB688524D1149D008528EC /* Debug */ = {
			isa = XCBuildConfiguration;
			buildSettings = {
				ALWAYS_SEARCH_USER_PATHS = NO;
				CLANG_ANALYZER_NONNULL = YES;
				CLANG_ANALYZER_NUMBER_OBJECT_CONVERSION = YES_AGGRESSIVE;
				CLANG_CXX_LANGUAGE_STANDARD = "gnu++14";
				CLANG_CXX_LIBRARY = "libc++";
				CLANG_ENABLE_MODULES = YES;
				CLANG_ENABLE_OBJC_ARC = YES;
				CLANG_ENABLE_OBJC_WEAK = YES;
				CLANG_WARN_BLOCK_CAPTURE_AUTORELEASING = YES;
				CLANG_WARN_BOOL_CONVERSION = YES;
				CLANG_WARN_COMMA = YES;
				CLANG_WARN_CONSTANT_CONVERSION = YES;
				CLANG_WARN_DEPRECATED_OBJC_IMPLEMENTATIONS = YES;
				CLANG_WARN_DIRECT_OBJC_ISA_USAGE = YES_ERROR;
				CLANG_WARN_DOCUMENTATION_COMMENTS = YES;
				CLANG_WARN_EMPTY_BODY = YES;
				CLANG_WARN_ENUM_CONVERSION = YES;
				CLANG_WARN_INFINITE_RECURSION = YES;
				CLANG_WARN_INT_CONVERSION = YES;
				CLANG_WARN_NON_LITERAL_NULL_CONVERSION = YES;
				CLANG_WARN_OBJC_IMPLICIT_RETAIN_SELF = YES;
				CLANG_WARN_OBJC_LITERAL_CONVERSION = YES;
				CLANG_WARN_OBJC_ROOT_CLASS = YES_ERROR;
				CLANG_WARN_RANGE_LOOP_ANALYSIS = YES;
				CLANG_WARN_STRICT_PROTOTYPES = YES;
				CLANG_WARN_SUSPICIOUS_MOVE = YES;
				CLANG_WARN_UNGUARDED_AVAILABILITY = YES_AGGRESSIVE;
				CLANG_WARN_UNREACHABLE_CODE = YES;
				CLANG_WARN__DUPLICATE_METHOD_MATCH = YES;
				COPY_PHASE_STRIP = NO;
				DEBUG_INFORMATION_FORMAT = dwarf;
				ENABLE_STRICT_OBJC_MSGSEND = YES;
				ENABLE_TESTABILITY = YES;
				GCC_C_LANGUAGE_STANDARD = gnu11;
				GCC_DYNAMIC_NO_PIC = NO;
				GCC_NO_COMMON_BLOCKS = YES;
				GCC_OPTIMIZATION_LEVEL = 0;
				GCC_PREPROCESSOR_DEFINITIONS = (
					"DEBUG=1",
					"$(inherited)",
				);
				GCC_WARN_64_TO_32_BIT_CONVERSION = YES;
				GCC_WARN_ABOUT_RETURN_TYPE = YES_ERROR;
				GCC_WARN_UNDECLARED_SELECTOR = YES;
				GCC_WARN_UNINITIALIZED_AUTOS = YES_AGGRESSIVE;
				GCC_WARN_UNUSED_FUNCTION = YES;
				GCC_WARN_UNUSED_VARIABLE = YES;
				IPHONEOS_DEPLOYMENT_TARGET = 13.5;
				MTL_ENABLE_DEBUG_INFO = INCLUDE_SOURCE;
				MTL_FAST_MATH = YES;
				ONLY_ACTIVE_ARCH = YES;
				SDKROOT = iphoneos;
			};
			name = Debug;
		};
		78AB688624D1149D008528EC /* Release */ = {
			isa = XCBuildConfiguration;
			buildSettings = {
				ALWAYS_SEARCH_USER_PATHS = NO;
				CLANG_ANALYZER_NONNULL = YES;
				CLANG_ANALYZER_NUMBER_OBJECT_CONVERSION = YES_AGGRESSIVE;
				CLANG_CXX_LANGUAGE_STANDARD = "gnu++14";
				CLANG_CXX_LIBRARY = "libc++";
				CLANG_ENABLE_MODULES = YES;
				CLANG_ENABLE_OBJC_ARC = YES;
				CLANG_ENABLE_OBJC_WEAK = YES;
				CLANG_WARN_BLOCK_CAPTURE_AUTORELEASING = YES;
				CLANG_WARN_BOOL_CONVERSION = YES;
				CLANG_WARN_COMMA = YES;
				CLANG_WARN_CONSTANT_CONVERSION = YES;
				CLANG_WARN_DEPRECATED_OBJC_IMPLEMENTATIONS = YES;
				CLANG_WARN_DIRECT_OBJC_ISA_USAGE = YES_ERROR;
				CLANG_WARN_DOCUMENTATION_COMMENTS = YES;
				CLANG_WARN_EMPTY_BODY = YES;
				CLANG_WARN_ENUM_CONVERSION = YES;
				CLANG_WARN_INFINITE_RECURSION = YES;
				CLANG_WARN_INT_CONVERSION = YES;
				CLANG_WARN_NON_LITERAL_NULL_CONVERSION = YES;
				CLANG_WARN_OBJC_IMPLICIT_RETAIN_SELF = YES;
				CLANG_WARN_OBJC_LITERAL_CONVERSION = YES;
				CLANG_WARN_OBJC_ROOT_CLASS = YES_ERROR;
				CLANG_WARN_RANGE_LOOP_ANALYSIS = YES;
				CLANG_WARN_STRICT_PROTOTYPES = YES;
				CLANG_WARN_SUSPICIOUS_MOVE = YES;
				CLANG_WARN_UNGUARDED_AVAILABILITY = YES_AGGRESSIVE;
				CLANG_WARN_UNREACHABLE_CODE = YES;
				CLANG_WARN__DUPLICATE_METHOD_MATCH = YES;
				COPY_PHASE_STRIP = NO;
				DEBUG_INFORMATION_FORMAT = "dwarf-with-dsym";
				ENABLE_NS_ASSERTIONS = NO;
				ENABLE_STRICT_OBJC_MSGSEND = YES;
				GCC_C_LANGUAGE_STANDARD = gnu11;
				GCC_NO_COMMON_BLOCKS = YES;
				GCC_WARN_64_TO_32_BIT_CONVERSION = YES;
				GCC_WARN_ABOUT_RETURN_TYPE = YES_ERROR;
				GCC_WARN_UNDECLARED_SELECTOR = YES;
				GCC_WARN_UNINITIALIZED_AUTOS = YES_AGGRESSIVE;
				GCC_WARN_UNUSED_FUNCTION = YES;
				GCC_WARN_UNUSED_VARIABLE = YES;
				IPHONEOS_DEPLOYMENT_TARGET = 13.5;
				MTL_ENABLE_DEBUG_INFO = NO;
				MTL_FAST_MATH = YES;
				SDKROOT = iphoneos;
				VALIDATE_PRODUCT = YES;
			};
			name = Release;
		};
		78AB688824D1149D008528EC /* Debug */ = {
			isa = XCBuildConfiguration;
			buildSettings = {
				ASSETCATALOG_COMPILER_APPICON_NAME = AppIcon;
				CLANG_ENABLE_MODULES = YES;
				CODE_SIGN_STYLE = Automatic;
				DEVELOPMENT_TEAM = JMP4343QW7;
				INFOPLIST_FILE = Exception/Info.plist;
				LD_RUNPATH_SEARCH_PATHS = (
					"$(inherited)",
					"@executable_path/Frameworks",
				);
				PRODUCT_BUNDLE_IDENTIFIER = com.xlsn0w.Exception;
				PRODUCT_NAME = "$(TARGET_NAME)";
				SWIFT_OBJC_BRIDGING_HEADER = "Exception/Exception-Bridging-Header.h";
				SWIFT_OPTIMIZATION_LEVEL = "-Onone";
				SWIFT_VERSION = 5.0;
				TARGETED_DEVICE_FAMILY = "1,2";
			};
			name = Debug;
		};
		78AB688924D1149D008528EC /* Release */ = {
			isa = XCBuildConfiguration;
			buildSettings = {
				ASSETCATALOG_COMPILER_APPICON_NAME = AppIcon;
				CLANG_ENABLE_MODULES = YES;
				CODE_SIGN_STYLE = Automatic;
				DEVELOPMENT_TEAM = JMP4343QW7;
				INFOPLIST_FILE = Exception/Info.plist;
				LD_RUNPATH_SEARCH_PATHS = (
					"$(inherited)",
					"@executable_path/Frameworks",
				);
				PRODUCT_BUNDLE_IDENTIFIER = com.xlsn0w.Exception;
				PRODUCT_NAME = "$(TARGET_NAME)";
				SWIFT_OBJC_BRIDGING_HEADER = "Exception/Exception-Bridging-Header.h";
				SWIFT_VERSION = 5.0;
				TARGETED_DEVICE_FAMILY = "1,2";
			};
			name = Release;
		};
		78AB688B24D1149D008528EC /* Debug */ = {
			isa = XCBuildConfiguration;
			buildSettings = {
				ALWAYS_EMBED_SWIFT_STANDARD_LIBRARIES = YES;
				BUNDLE_LOADER = "$(TEST_HOST)";
				CODE_SIGN_STYLE = Automatic;
				INFOPLIST_FILE = ExceptionTests/Info.plist;
				IPHONEOS_DEPLOYMENT_TARGET = 13.5;
				LD_RUNPATH_SEARCH_PATHS = (
					"$(inherited)",
					"@executable_path/Frameworks",
					"@loader_path/Frameworks",
				);
				PRODUCT_BUNDLE_IDENTIFIER = com.xlsn0w.ExceptionTests;
				PRODUCT_NAME = "$(TARGET_NAME)";
				TARGETED_DEVICE_FAMILY = "1,2";
				TEST_HOST = "$(BUILT_PRODUCTS_DIR)/Exception.app/Exception";
			};
			name = Debug;
		};
		78AB688C24D1149D008528EC /* Release */ = {
			isa = XCBuildConfiguration;
			buildSettings = {
				ALWAYS_EMBED_SWIFT_STANDARD_LIBRARIES = YES;
				BUNDLE_LOADER = "$(TEST_HOST)";
				CODE_SIGN_STYLE = Automatic;
				INFOPLIST_FILE = ExceptionTests/Info.plist;
				IPHONEOS_DEPLOYMENT_TARGET = 13.5;
				LD_RUNPATH_SEARCH_PATHS = (
					"$(inherited)",
					"@executable_path/Frameworks",
					"@loader_path/Frameworks",
				);
				PRODUCT_BUNDLE_IDENTIFIER = com.xlsn0w.ExceptionTests;
				PRODUCT_NAME = "$(TARGET_NAME)";
				TARGETED_DEVICE_FAMILY = "1,2";
				TEST_HOST = "$(BUILT_PRODUCTS_DIR)/Exception.app/Exception";
			};
			name = Release;
		};
		78AB688E24D1149D008528EC /* Debug */ = {
			isa = XCBuildConfiguration;
			buildSettings = {
				ALWAYS_EMBED_SWIFT_STANDARD_LIBRARIES = YES;
				CODE_SIGN_STYLE = Automatic;
				INFOPLIST_FILE = ExceptionUITests/Info.plist;
				LD_RUNPATH_SEARCH_PATHS = (
					"$(inherited)",
					"@executable_path/Frameworks",
					"@loader_path/Frameworks",
				);
				PRODUCT_BUNDLE_IDENTIFIER = com.xlsn0w.ExceptionUITests;
				PRODUCT_NAME = "$(TARGET_NAME)";
				TARGETED_DEVICE_FAMILY = "1,2";
				TEST_TARGET_NAME = Exception;
			};
			name = Debug;
		};
		78AB688F24D1149D008528EC /* Release */ = {
			isa = XCBuildConfiguration;
			buildSettings = {
				ALWAYS_EMBED_SWIFT_STANDARD_LIBRARIES = YES;
				CODE_SIGN_STYLE = Automatic;
				INFOPLIST_FILE = ExceptionUITests/Info.plist;
				LD_RUNPATH_SEARCH_PATHS = (
					"$(inherited)",
					"@executable_path/Frameworks",
					"@loader_path/Frameworks",
				);
				PRODUCT_BUNDLE_IDENTIFIER = com.xlsn0w.ExceptionUITests;
				PRODUCT_NAME = "$(TARGET_NAME)";
				TARGETED_DEVICE_FAMILY = "1,2";
				TEST_TARGET_NAME = Exception;
			};
			name = Release;
		};
/* End XCBuildConfiguration section */

/* Begin XCConfigurationList section */
		78AB685324D11499008528EC /* Build configuration list for PBXProject "Exception" */ = {
			isa = XCConfigurationList;
			buildConfigurations = (
				78AB688524D1149D008528EC /* Debug */,
				78AB688624D1149D008528EC /* Release */,
			);
			defaultConfigurationIsVisible = 0;
			defaultConfigurationName = Release;
		};
		78AB688724D1149D008528EC /* Build configuration list for PBXNativeTarget "Exception" */ = {
			isa = XCConfigurationList;
			buildConfigurations = (
				78AB688824D1149D008528EC /* Debug */,
				78AB688924D1149D008528EC /* Release */,
			);
			defaultConfigurationIsVisible = 0;
			defaultConfigurationName = Release;
		};
		78AB688A24D1149D008528EC /* Build configuration list for PBXNativeTarget "ExceptionTests" */ = {
			isa = XCConfigurationList;
			buildConfigurations = (
				78AB688B24D1149D008528EC /* Debug */,
				78AB688C24D1149D008528EC /* Release */,
			);
			defaultConfigurationIsVisible = 0;
			defaultConfigurationName = Release;
		};
		78AB688D24D1149D008528EC /* Build configuration list for PBXNativeTarget "ExceptionUITests" */ = {
			isa = XCConfigurationList;
			buildConfigurations = (
				78AB688E24D1149D008528EC /* Debug */,
				78AB688F24D1149D008528EC /* Release */,
			);
			defaultConfigurationIsVisible = 0;
			defaultConfigurationName = Release;
		};
/* End XCConfigurationList section */
	};
	rootObject = 78AB685024D11499008528EC /* Project object */;
}
